<Solution>
  <Folder Name="/Solution Items/">
    <File Path="Directory.Packages.props" />
  </Folder>
  <Project Path="Soundfeed.Api/Soundfeed.Api.csproj" Id="6a91df52-44a3-4d6c-b6cc-c1efaf64860b" />
  <Project Path="Soundfeed.Bll/Soundfeed.Bll.csproj" Id="56d9e4be-40eb-47cf-afa6-8dddaa30ef93" />
  <Project Path="Soundfeed.Dal/Soundfeed.Dal.csproj" Id="2e6bff86-e65f-4a0f-9388-b9fc9431fb5a" />
  <Project Path="Soundfeed.Bll.Tests/Soundfeed.Bll.Tests.csproj" Id="a1b2c3d4-e5f6-7890-abcd-ef1234567890" />
</Solution>
